
Microsoft Visual Studio Solution File, Format Version 12.00
# Visual Studio 2017
Project("{FAE04EC0-301F-11D3-BF4B-00C04F79EFBC}") = "ProjectVictor", "ProjectVictor.csproj", "{8B919407-952B-45A5-7CC5-4390DF1BE317}"
EndProject
Global
	GlobalSection(SolutionConfigurationPlatforms) = preSolution
		Debug|Any CPU = Debug|Any CPU
		Release|Any CPU = Release|Any CPU
	EndGlobalSection
	GlobalSection(ProjectConfigurationPlatforms) = postSolution
		{8B919407-952B-45A5-7CC5-4390DF1BE317}.Debug|Any CPU.ActiveCfg = Debug|Any CPU
		{8B919407-952B-45A5-7CC5-4390DF1BE317}.Debug|Any CPU.Build.0 = Debug|Any CPU
		{8B919407-952B-45A5-7CC5-4390DF1BE317}.Release|Any CPU.ActiveCfg = Release|Any CPU
		{8B919407-952B-45A5-7CC5-4390DF1BE317}.Release|Any CPU.Build.0 = Release|Any CPU
	EndGlobalSection
	GlobalSection(SolutionProperties) = preSolution
		HideSolutionNode = FALSE
	EndGlobalSection
EndGlobal
